
Microsoft Visual Studio Solution File, Format Version 12.00
# Visual Studio Version 17
VisualStudioVersion = 17.9.34616.47
MinimumVisualStudioVersion = 10.0.40219.1
Project("{2150E333-8FDC-42A3-9474-1A3956D46DE8}") = "src", "src", "{4B43C910-3AAA-46AA-99BF-1DD2A7A90932}"
EndProject
Project("{2150E333-8FDC-42A3-9474-1A3956D46DE8}") = "tests", "tests", "{260C979E-6618-4E28-9745-74BE982F052A}"
EndProject
Project("{9A19103F-16F7-4668-BE54-9A1E7A4F7556}") = "ApplicationCore", "src\ApplicationCore\ApplicationCore.csproj", "{A775AF43-FA85-48F6-BAFB-4A8FF89AE2E4}"
EndProject
Project("{9A19103F-16F7-4668-BE54-9A1E7A4F7556}") = "Infrastructure", "src\Infrastructure\Infrastructure.csproj", "{51FE5206-EC21-4668-A1A5-58D43F9B038F}"
EndProject
Project("{9A19103F-16F7-4668-BE54-9A1E7A4F7556}") = "API", "src\API\API.csproj", "{A3A9422D-A451-4ADD-BFEE-0ABB4B8672EB}"
EndProject
Project("{9A19103F-16F7-4668-BE54-9A1E7A4F7556}") = "Web", "src\Web\Web.csproj", "{87B74342-2239-420C-B5B6-D9D2B9866853}"
EndProject
Project("{2150E333-8FDC-42A3-9474-1A3956D46DE8}") = "Solution Items", "Solution Items", "{565E683B-CCCE-46DF-A09B-0E1112588645}"
	ProjectSection(SolutionItems) = preProject
		REDAME.md = REDAME.md
	EndProjectSection
EndProject
Global
	GlobalSection(SolutionConfigurationPlatforms) = preSolution
		Debug|Any CPU = Debug|Any CPU
		Release|Any CPU = Release|Any CPU
	EndGlobalSection
	GlobalSection(ProjectConfigurationPlatforms) = postSolution
		{A775AF43-FA85-48F6-BAFB-4A8FF89AE2E4}.Debug|Any CPU.ActiveCfg = Debug|Any CPU
		{A775AF43-FA85-48F6-BAFB-4A8FF89AE2E4}.Debug|Any CPU.Build.0 = Debug|Any CPU
		{A775AF43-FA85-48F6-BAFB-4A8FF89AE2E4}.Release|Any CPU.ActiveCfg = Release|Any CPU
		{A775AF43-FA85-48F6-BAFB-4A8FF89AE2E4}.Release|Any CPU.Build.0 = Release|Any CPU
		{51FE5206-EC21-4668-A1A5-58D43F9B038F}.Debug|Any CPU.ActiveCfg = Debug|Any CPU
		{51FE5206-EC21-4668-A1A5-58D43F9B038F}.Debug|Any CPU.Build.0 = Debug|Any CPU
		{51FE5206-EC21-4668-A1A5-58D43F9B038F}.Release|Any CPU.ActiveCfg = Release|Any CPU
		{51FE5206-EC21-4668-A1A5-58D43F9B038F}.Release|Any CPU.Build.0 = Release|Any CPU
		{A3A9422D-A451-4ADD-BFEE-0ABB4B8672EB}.Debug|Any CPU.ActiveCfg = Debug|Any CPU
		{A3A9422D-A451-4ADD-BFEE-0ABB4B8672EB}.Debug|Any CPU.Build.0 = Debug|Any CPU
		{A3A9422D-A451-4ADD-BFEE-0ABB4B8672EB}.Release|Any CPU.ActiveCfg = Release|Any CPU
		{A3A9422D-A451-4ADD-BFEE-0ABB4B8672EB}.Release|Any CPU.Build.0 = Release|Any CPU
		{87B74342-2239-420C-B5B6-D9D2B9866853}.Debug|Any CPU.ActiveCfg = Debug|Any CPU
		{87B74342-2239-420C-B5B6-D9D2B9866853}.Debug|Any CPU.Build.0 = Debug|Any CPU
		{87B74342-2239-420C-B5B6-D9D2B9866853}.Release|Any CPU.ActiveCfg = Release|Any CPU
		{87B74342-2239-420C-B5B6-D9D2B9866853}.Release|Any CPU.Build.0 = Release|Any CPU
	EndGlobalSection
	GlobalSection(SolutionProperties) = preSolution
		HideSolutionNode = FALSE
	EndGlobalSection
	GlobalSection(NestedProjects) = preSolution
		{A775AF43-FA85-48F6-BAFB-4A8FF89AE2E4} = {4B43C910-3AAA-46AA-99BF-1DD2A7A90932}
		{51FE5206-EC21-4668-A1A5-58D43F9B038F} = {4B43C910-3AAA-46AA-99BF-1DD2A7A90932}
		{A3A9422D-A451-4ADD-BFEE-0ABB4B8672EB} = {4B43C910-3AAA-46AA-99BF-1DD2A7A90932}
		{87B74342-2239-420C-B5B6-D9D2B9866853} = {4B43C910-3AAA-46AA-99BF-1DD2A7A90932}
	EndGlobalSection
	GlobalSection(ExtensibilityGlobals) = postSolution
		SolutionGuid = {93E6F027-F456-43C9-B436-A4DE29F74FD0}
	EndGlobalSection
EndGlobal
